// !$*UTF8*$!
{
	archiveVersion = 1;
	classes = {
	};
	objectVersion = 55;
	objects = {

/* Begin PBXBuildFile section */
		212328B19764AE0D33A48020 /* Pods_CovidTrack.framework in Frameworks */ = {isa = PBXBuildFile; fileRef = 20F32C0C2F71284F269704EA /* Pods_CovidTrack.framework */; };
		9355A55C277AEB7100B4D4BD /* AppDelegate.swift in Sources */ = {isa = PBXBuildFile; fileRef = 9355A55B277AEB7100B4D4BD /* AppDelegate.swift */; };
		9355A55E277AEB7100B4D4BD /* SceneDelegate.swift in Sources */ = {isa = PBXBuildFile; fileRef = 9355A55D277AEB7100B4D4BD /* SceneDelegate.swift */; };
		9355A560277AEB7100B4D4BD /* ViewController.swift in Sources */ = {isa = PBXBuildFile; fileRef = 9355A55F277AEB7100B4D4BD /* ViewController.swift */; };
		9355A563277AEB7100B4D4BD /* Main.storyboard in Resources */ = {isa = PBXBuildFile; fileRef = 9355A561277AEB7100B4D4BD /* Main.storyboard */; };
		9355A565277AEB7200B4D4BD /* Assets.xcassets in Resources */ = {isa = PBXBuildFile; fileRef = 9355A564277AEB7200B4D4BD /* Assets.xcassets */; };
		9355A568277AEB7200B4D4BD /* LaunchScreen.storyboard in Resources */ = {isa = PBXBuildFile; fileRef = 9355A566277AEB7200B4D4BD /* LaunchScreen.storyboard */; };
		9355A570277AECA600B4D4BD /* APICaller.swift in Sources */ = {isa = PBXBuildFile; fileRef = 9355A56F277AECA600B4D4BD /* APICaller.swift */; };
		9355A572277AFB9700B4D4BD /* FilterViewController.swift in Sources */ = {isa = PBXBuildFile; fileRef = 9355A571277AFB9700B4D4BD /* FilterViewController.swift */; };
/* End PBXBuildFile section */

/* Begin PBXFileReference section */
		20F32C0C2F71284F269704EA /* Pods_CovidTrack.framework */ = {isa = PBXFileReference; explicitFileType = wrapper.framework; includeInIndex = 0; path = Pods_CovidTrack.framework; sourceTree = BUILT_PRODUCTS_DIR; };
		9355A558277AEB7100B4D4BD /* CovidTrack.app */ = {isa = PBXFileReference; explicitFileType = wrapper.application; includeInIndex = 0; path = CovidTrack.app; sourceTree = BUILT_PRODUCTS_DIR; };
		9355A55B277AEB7100B4D4BD /* AppDelegate.swift */ = {isa = PBXFileReference; lastKnownFileType = sourcecode.swift; path = AppDelegate.swift; sourceTree = "<group>"; };
		9355A55D277AEB7100B4D4BD /* SceneDelegate.swift */ = {isa = PBXFileReference; lastKnownFileType = sourcecode.swift; path = SceneDelegate.swift; sourceTree = "<group>"; };
		9355A55F277AEB7100B4D4BD /* ViewController.swift */ = {isa = PBXFileReference; lastKnownFileType = sourcecode.swift; path = ViewController.swift; sourceTree = "<group>"; };
		9355A562277AEB7100B4D4BD /* Base */ = {isa = PBXFileReference; lastKnownFileType = file.storyboard; name = Base; path = Base.lproj/Main.storyboard; sourceTree = "<group>"; };
		9355A564277AEB7200B4D4BD /* Assets.xcassets */ = {isa = PBXFileReference; lastKnownFileType = folder.assetcatalog; path = Assets.xcassets; sourceTree = "<group>"; };
		9355A567277AEB7200B4D4BD /* Base */ = {isa = PBXFileReference; lastKnownFileType = file.storyboard; name = Base; path = Base.lproj/LaunchScreen.storyboard; sourceTree = "<group>"; };
		9355A569277AEB7200B4D4BD /* Info.plist */ = {isa = PBXFileReference; lastKnownFileType = text.plist.xml; path = Info.plist; sourceTree = "<group>"; };
		9355A56F277AECA600B4D4BD /* APICaller.swift */ = {isa = PBXFileReference; lastKnownFileType = sourcecode.swift; path = APICaller.swift; sourceTree = "<group>"; };
		9355A571277AFB9700B4D4BD /* FilterViewController.swift */ = {isa = PBXFileReference; lastKnownFileType = sourcecode.swift; path = FilterViewController.swift; sourceTree = "<group>"; };
		9B20243D0412B250FC6C675F /* Pods-CovidTrack.release.xcconfig */ = {isa = PBXFileReference; includeInIndex = 1; lastKnownFileType = text.xcconfig; name = "Pods-CovidTrack.release.xcconfig"; path = "Target Support Files/Pods-CovidTrack/Pods-CovidTrack.release.xcconfig"; sourceTree = "<group>"; };
		B5278BD7E5293A99F37BEC7E /* Pods-CovidTrack.debug.xcconfig */ = {isa = PBXFileReference; includeInIndex = 1; lastKnownFileType = text.xcconfig; name = "Pods-CovidTrack.debug.xcconfig"; path = "Target Support Files/Pods-CovidTrack/Pods-CovidTrack.debug.xcconfig"; sourceTree = "<group>"; };
/* End PBXFileReference section */

/* Begin PBXFrameworksBuildPhase section */
		9355A555277AEB7100B4D4BD /* Frameworks */ = {
			isa = PBXFrameworksBuildPhase;
			buildActionMask = 2147483647;
			files = (
				212328B19764AE0D33A48020 /* Pods_CovidTrack.framework in Frameworks */,
			);
			runOnlyForDeploymentPostprocessing = 0;
		};
/* End PBXFrameworksBuildPhase section */

/* Begin PBXGroup section */
		62ABAD1F82ABF4DB4D503380 /* Frameworks */ = {
			isa = PBXGroup;
			children = (
				20F32C0C2F71284F269704EA /* Pods_CovidTrack.framework */,
			);
			name = Frameworks;
			sourceTree = "<group>";
		};
		6C4F40CFFA832CE1837C5B8F /* Pods */ = {
			isa = PBXGroup;
			children = (
				B5278BD7E5293A99F37BEC7E /* Pods-CovidTrack.debug.xcconfig */,
				9B20243D0412B250FC6C675F /* Pods-CovidTrack.release.xcconfig */,
			);
			name = Pods;
			path = Pods;
			sourceTree = "<group>";
		};
		9355A54F277AEB7100B4D4BD = {
			isa = PBXGroup;
			children = (
				9355A55A277AEB7100B4D4BD /* CovidTrack */,
				9355A559277AEB7100B4D4BD /* Products */,
				6C4F40CFFA832CE1837C5B8F /* Pods */,
				62ABAD1F82ABF4DB4D503380 /* Frameworks */,
			);
			sourceTree = "<group>";
		};
		9355A559277AEB7100B4D4BD /* Products */ = {
			isa = PBXGroup;
			children = (
				9355A558277AEB7100B4D4BD /* CovidTrack.app */,
			);
			name = Products;
			sourceTree = "<group>";
		};
		9355A55A277AEB7100B4D4BD /* CovidTrack */ = {
			isa = PBXGroup;
			children = (
				9355A56F277AECA600B4D4BD /* APICaller.swift */,
				9355A55B277AEB7100B4D4BD /* AppDelegate.swift */,
				9355A55D277AEB7100B4D4BD /* SceneDelegate.swift */,
				9355A55F277AEB7100B4D4BD /* ViewController.swift */,
				9355A571277AFB9700B4D4BD /* FilterViewController.swift */,
				9355A561277AEB7100B4D4BD /* Main.storyboard */,
				9355A564277AEB7200B4D4BD /* Assets.xcassets */,
				9355A566277AEB7200B4D4BD /* LaunchScreen.storyboard */,
				9355A569277AEB7200B4D4BD /* Info.plist */,
			);
			path = CovidTrack;
			sourceTree = "<group>";
		};
/* End PBXGroup section */

/* Begin PBXNativeTarget section */
		9355A557277AEB7100B4D4BD /* CovidTrack */ = {
			isa = PBXNativeTarget;
			buildConfigurationList = 9355A56C277AEB7200B4D4BD /* Build configuration list for PBXNativeTarget "CovidTrack" */;
			buildPhases = (
				1CFEC4B64C98AA1B3CB2D1A0 /* [CP] Check Pods Manifest.lock */,
				9355A554277AEB7100B4D4BD /* Sources */,
				9355A555277AEB7100B4D4BD /* Frameworks */,
				9355A556277AEB7100B4D4BD /* Resources */,
				AB07C77D80D722F84A9A2D37 /* [CP] Embed Pods Frameworks */,
			);
			buildRules = (
			);
			dependencies = (
			);
			name = CovidTrack;
			productName = CovidTrack;
			productReference = 9355A558277AEB7100B4D4BD /* CovidTrack.app */;
			productType = "com.apple.product-type.application";
		};
/* End PBXNativeTarget section */

/* Begin PBXProject section */
		9355A550277AEB7100B4D4BD /* Project object */ = {
			isa = PBXProject;
			attributes = {
				BuildIndependentTargetsInParallel = 1;
				LastSwiftUpdateCheck = 1300;
				LastUpgradeCheck = 1300;
				TargetAttributes = {
					9355A557277AEB7100B4D4BD = {
						CreatedOnToolsVersion = 13.0;
					};
				};
			};
			buildConfigurationList = 9355A553277AEB7100B4D4BD /* Build configuration list for PBXProject "CovidTrack" */;
			compatibilityVersion = "Xcode 13.0";
			developmentRegion = en;
			hasScannedForEncodings = 0;
			knownRegions = (
				en,
				Base,
			);
			mainGroup = 9355A54F277AEB7100B4D4BD;
			productRefGroup = 9355A559277AEB7100B4D4BD /* Products */;
			projectDirPath = "";
			projectRoot = "";
			targets = (
				9355A557277AEB7100B4D4BD /* CovidTrack */,
			);
		};
/* End PBXProject section */

/* Begin PBXResourcesBuildPhase section */
		9355A556277AEB7100B4D4BD /* Resources */ = {
			isa = PBXResourcesBuildPhase;
			buildActionMask = 2147483647;
			files = (
				9355A568277AEB7200B4D4BD /* LaunchScreen.storyboard in Resources */,
				9355A565277AEB7200B4D4BD /* Assets.xcassets in Resources */,
				9355A563277AEB7100B4D4BD /* Main.storyboard in Resources */,
			);
			runOnlyForDeploymentPostprocessing = 0;
		};
/* End PBXResourcesBuildPhase section */

/* Begin PBXShellScriptBuildPhase section */
		1CFEC4B64C98AA1B3CB2D1A0 /* [CP] Check Pods Manifest.lock */ = {
			isa = PBXShellScriptBuildPhase;
			buildActionMask = 2147483647;
			files = (
			);
			inputFileListPaths = (
			);
			inputPaths = (
				"${PODS_PODFILE_DIR_PATH}/Podfile.lock",
				"${PODS_ROOT}/Manifest.lock",
			);
			name = "[CP] Check Pods Manifest.lock";
			outputFileListPaths = (
			);
			outputPaths = (
				"$(DERIVED_FILE_DIR)/Pods-CovidTrack-checkManifestLockResult.txt",
			);
			runOnlyForDeploymentPostprocessing = 0;
			shellPath = /bin/sh;
			shellScript = "diff \"${PODS_PODFILE_DIR_PATH}/Podfile.lock\" \"${PODS_ROOT}/Manifest.lock\" > /dev/null\nif [ $? != 0 ] ; then\n    # print error to STDERR\n    echo \"error: The sandbox is not in sync with the Podfile.lock. Run 'pod install' or update your CocoaPods installation.\" >&2\n    exit 1\nfi\n# This output is used by Xcode 'outputs' to avoid re-running this script phase.\necho \"SUCCESS\" > \"${SCRIPT_OUTPUT_FILE_0}\"\n";
			showEnvVarsInLog = 0;
		};
		AB07C77D80D722F84A9A2D37 /* [CP] Embed Pods Frameworks */ = {
			isa = PBXShellScriptBuildPhase;
			buildActionMask = 2147483647;
			files = (
			);
			inputFileListPaths = (
				"${PODS_ROOT}/Target Support Files/Pods-CovidTrack/Pods-CovidTrack-frameworks-${CONFIGURATION}-input-files.xcfilelist",
			);
			name = "[CP] Embed Pods Frameworks";
			outputFileListPaths = (
				"${PODS_ROOT}/Target Support Files/Pods-CovidTrack/Pods-CovidTrack-frameworks-${CONFIGURATION}-output-files.xcfilelist",
			);
			runOnlyForDeploymentPostprocessing = 0;
			shellPath = /bin/sh;
			shellScript = "\"${PODS_ROOT}/Target Support Files/Pods-CovidTrack/Pods-CovidTrack-frameworks.sh\"\n";
			showEnvVarsInLog = 0;
		};
/* End PBXShellScriptBuildPhase section */

/* Begin PBXSourcesBuildPhase section */
		9355A554277AEB7100B4D4BD /* Sources */ = {
			isa = PBXSourcesBuildPhase;
			buildActionMask = 2147483647;
			files = (
				9355A560277AEB7100B4D4BD /* ViewController.swift in Sources */,
				9355A55C277AEB7100B4D4BD /* AppDelegate.swift in Sources */,
				9355A55E277AEB7100B4D4BD /* SceneDelegate.swift in Sources */,
				9355A570277AECA600B4D4BD /* APICaller.swift in Sources */,
				9355A572277AFB9700B4D4BD /* FilterViewController.swift in Sources */,
			);
			runOnlyForDeploymentPostprocessing = 0;
		};
/* End PBXSourcesBuildPhase section */

/* Begin PBXVariantGroup section */
		9355A561277AEB7100B4D4BD /* Main.storyboard */ = {
			isa = PBXVariantGroup;
			children = (
				9355A562277AEB7100B4D4BD /* Base */,
			);
			name = Main.storyboard;
			sourceTree = "<group>";
		};
		9355A566277AEB7200B4D4BD /* LaunchScreen.storyboard */ = {
			isa = PBXVariantGroup;
			children = (
				9355A567277AEB7200B4D4BD /* Base */,
			);
			name = LaunchScreen.storyboard;
			sourceTree = "<group>";
		};
/* End PBXVariantGroup section */

/* Begin XCBuildConfiguration section */
		9355A56A277AEB7200B4D4BD /* Debug */ = {
			isa = XCBuildConfiguration;
			buildSettings = {
				ALWAYS_SEARCH_USER_PATHS = NO;
				CLANG_ANALYZER_NONNULL = YES;
				CLANG_ANALYZER_NUMBER_OBJECT_CONVERSION = YES_AGGRESSIVE;
				CLANG_CXX_LANGUAGE_STANDARD = "gnu++17";
				CLANG_CXX_LIBRARY = "libc++";
				CLANG_ENABLE_MODULES = YES;
				CLANG_ENABLE_OBJC_ARC = YES;
				CLANG_ENABLE_OBJC_WEAK = YES;
				CLANG_WARN_BLOCK_CAPTURE_AUTORELEASING = YES;
				CLANG_WARN_BOOL_CONVERSION = YES;
				CLANG_WARN_COMMA = YES;
				CLANG_WARN_CONSTANT_CONVERSION = YES;
				CLANG_WARN_DEPRECATED_OBJC_IMPLEMENTATIONS = YES;
				CLANG_WARN_DIRECT_OBJC_ISA_USAGE = YES_ERROR;
				CLANG_WARN_DOCUMENTATION_COMMENTS = YES;
				CLANG_WARN_EMPTY_BODY = YES;
				CLANG_WARN_ENUM_CONVERSION = YES;
				CLANG_WARN_INFINITE_RECURSION = YES;
				CLANG_WARN_INT_CONVERSION = YES;
				CLANG_WARN_NON_LITERAL_NULL_CONVERSION = YES;
				CLANG_WARN_OBJC_IMPLICIT_RETAIN_SELF = YES;
				CLANG_WARN_OBJC_LITERAL_CONVERSION = YES;
				CLANG_WARN_OBJC_ROOT_CLASS = YES_ERROR;
				CLANG_WARN_QUOTED_INCLUDE_IN_FRAMEWORK_HEADER = YES;
				CLANG_WARN_RANGE_LOOP_ANALYSIS = YES;
				CLANG_WARN_STRICT_PROTOTYPES = YES;
				CLANG_WARN_SUSPICIOUS_MOVE = YES;
				CLANG_WARN_UNGUARDED_AVAILABILITY = YES_AGGRESSIVE;
				CLANG_WARN_UNREACHABLE_CODE = YES;
				CLANG_WARN__DUPLICATE_METHOD_MATCH = YES;
				COPY_PHASE_STRIP = NO;
				DEBUG_INFORMATION_FORMAT = dwarf;
				ENABLE_STRICT_OBJC_MSGSEND = YES;
				ENABLE_TESTABILITY = YES;
				GCC_C_LANGUAGE_STANDARD = gnu11;
				GCC_DYNAMIC_NO_PIC = NO;
				GCC_NO_COMMON_BLOCKS = YES;
				GCC_OPTIMIZATION_LEVEL = 0;
				GCC_PREPROCESSOR_DEFINITIONS = (
					"DEBUG=1",
					"$(inherited)",
				);
				GCC_WARN_64_TO_32_BIT_CONVERSION = YES;
				GCC_WARN_ABOUT_RETURN_TYPE = YES_ERROR;
				GCC_WARN_UNDECLARED_SELECTOR = YES;
				GCC_WARN_UNINITIALIZED_AUTOS = YES_AGGRESSIVE;
				GCC_WARN_UNUSED_FUNCTION = YES;
				GCC_WARN_UNUSED_VARIABLE = YES;
				IPHONEOS_DEPLOYMENT_TARGET = 15.0;
				MTL_ENABLE_DEBUG_INFO = INCLUDE_SOURCE;
				MTL_FAST_MATH = YES;
				ONLY_ACTIVE_ARCH = YES;
				SDKROOT = iphoneos;
				SWIFT_ACTIVE_COMPILATION_CONDITIONS = DEBUG;
				SWIFT_OPTIMIZATION_LEVEL = "-Onone";
			};
			name = Debug;
		};
		9355A56B277AEB7200B4D4BD /* Release */ = {
			isa = XCBuildConfiguration;
			buildSettings = {
				ALWAYS_SEARCH_USER_PATHS = NO;
				CLANG_ANALYZER_NONNULL = YES;
				CLANG_ANALYZER_NUMBER_OBJECT_CONVERSION = YES_AGGRESSIVE;
				CLANG_CXX_LANGUAGE_STANDARD = "gnu++17";
				CLANG_CXX_LIBRARY = "libc++";
				CLANG_ENABLE_MODULES = YES;
				CLANG_ENABLE_OBJC_ARC = YES;
				CLANG_ENABLE_OBJC_WEAK = YES;
				CLANG_WARN_BLOCK_CAPTURE_AUTORELEASING = YES;
				CLANG_WARN_BOOL_CONVERSION = YES;
				CLANG_WARN_COMMA = YES;
				CLANG_WARN_CONSTANT_CONVERSION = YES;
				CLANG_WARN_DEPRECATED_OBJC_IMPLEMENTATIONS = YES;
				CLANG_WARN_DIRECT_OBJC_ISA_USAGE = YES_ERROR;
				CLANG_WARN_DOCUMENTATION_COMMENTS = YES;
				CLANG_WARN_EMPTY_BODY = YES;
				CLANG_WARN_ENUM_CONVERSION = YES;
				CLANG_WARN_INFINITE_RECURSION = YES;
				CLANG_WARN_INT_CONVERSION = YES;
				CLANG_WARN_NON_LITERAL_NULL_CONVERSION = YES;
				CLANG_WARN_OBJC_IMPLICIT_RETAIN_SELF = YES;
				CLANG_WARN_OBJC_LITERAL_CONVERSION = YES;
				CLANG_WARN_OBJC_ROOT_CLASS = YES_ERROR;
				CLANG_WARN_QUOTED_INCLUDE_IN_FRAMEWORK_HEADER = YES;
				CLANG_WARN_RANGE_LOOP_ANALYSIS = YES;
				CLANG_WARN_STRICT_PROTOTYPES = YES;
				CLANG_WARN_SUSPICIOUS_MOVE = YES;
				CLANG_WARN_UNGUARDED_AVAILABILITY = YES_AGGRESSIVE;
				CLANG_WARN_UNREACHABLE_CODE = YES;
				CLANG_WARN__DUPLICATE_METHOD_MATCH = YES;
				COPY_PHASE_STRIP = NO;
				DEBUG_INFORMATION_FORMAT = "dwarf-with-dsym";
				ENABLE_NS_ASSERTIONS = NO;
				ENABLE_STRICT_OBJC_MSGSEND = YES;
				GCC_C_LANGUAGE_STANDARD = gnu11;
				GCC_NO_COMMON_BLOCKS = YES;
				GCC_WARN_64_TO_32_BIT_CONVERSION = YES;
				GCC_WARN_ABOUT_RETURN_TYPE = YES_ERROR;
				GCC_WARN_UNDECLARED_SELECTOR = YES;
				GCC_WARN_UNINITIALIZED_AUTOS = YES_AGGRESSIVE;
				GCC_WARN_UNUSED_FUNCTION = YES;
				GCC_WARN_UNUSED_VARIABLE = YES;
				IPHONEOS_DEPLOYMENT_TARGET = 15.0;
				MTL_ENABLE_DEBUG_INFO = NO;
				MTL_FAST_MATH = YES;
				SDKROOT = iphoneos;
				SWIFT_COMPILATION_MODE = wholemodule;
				SWIFT_OPTIMIZATION_LEVEL = "-O";
				VALIDATE_PRODUCT = YES;
			};
			name = Release;
		};
		9355A56D277AEB7200B4D4BD /* Debug */ = {
			isa = XCBuildConfiguration;
			baseConfigurationReference = B5278BD7E5293A99F37BEC7E /* Pods-CovidTrack.debug.xcconfig */;
			buildSettings = {
				ASSETCATALOG_COMPILER_APPICON_NAME = AppIcon;
				ASSETCATALOG_COMPILER_GLOBAL_ACCENT_COLOR_NAME = AccentColor;
				CODE_SIGN_STYLE = Automatic;
				CURRENT_PROJECT_VERSION = 1;
				DEVELOPMENT_TEAM = AK7H6595XM;
				GENERATE_INFOPLIST_FILE = YES;
				INFOPLIST_FILE = CovidTrack/Info.plist;
				INFOPLIST_KEY_UIApplicationSupportsIndirectInputEvents = YES;
				INFOPLIST_KEY_UILaunchStoryboardName = LaunchScreen;
				INFOPLIST_KEY_UIMainStoryboardFile = Main;
				INFOPLIST_KEY_UISupportedInterfaceOrientations_iPad = "UIInterfaceOrientationPortrait UIInterfaceOrientationPortraitUpsideDown UIInterfaceOrientationLandscapeLeft UIInterfaceOrientationLandscapeRight";
				INFOPLIST_KEY_UISupportedInterfaceOrientations_iPhone = "UIInterfaceOrientationPortrait UIInterfaceOrientationLandscapeLeft UIInterfaceOrientationLandscapeRight";
				LD_RUNPATH_SEARCH_PATHS = (
					"$(inherited)",
					"@executable_path/Frameworks",
				);
				MARKETING_VERSION = 1.0;
				PRODUCT_BUNDLE_IDENTIFIER = aa.CovidTrack;
				PRODUCT_NAME = "$(TARGET_NAME)";
				SWIFT_EMIT_LOC_STRINGS = YES;
				SWIFT_VERSION = 5.0;
				TARGETED_DEVICE_FAMILY = "1,2";
			};
			name = Debug;
		};
		9355A56E277AEB7200B4D4BD /* Release */ = {
			isa = XCBuildConfiguration;
			baseConfigurationReference = 9B20243D0412B250FC6C675F /* Pods-CovidTrack.release.xcconfig */;
			buildSettings = {
				ASSETCATALOG_COMPILER_APPICON_NAME = AppIcon;
				ASSETCATALOG_COMPILER_GLOBAL_ACCENT_COLOR_NAME = AccentColor;
				CODE_SIGN_STYLE = Automatic;
				CURRENT_PROJECT_VERSION = 1;
				DEVELOPMENT_TEAM = AK7H6595XM;
				GENERATE_INFOPLIST_FILE = YES;
				INFOPLIST_FILE = CovidTrack/Info.plist;
				INFOPLIST_KEY_UIApplicationSupportsIndirectInputEvents = YES;
				INFOPLIST_KEY_UILaunchStoryboardName = LaunchScreen;
				INFOPLIST_KEY_UIMainStoryboardFile = Main;
				INFOPLIST_KEY_UISupportedInterfaceOrientations_iPad = "UIInterfaceOrientationPortrait UIInterfaceOrientationPortraitUpsideDown UIInterfaceOrientationLandscapeLeft UIInterfaceOrientationLandscapeRight";
				INFOPLIST_KEY_UISupportedInterfaceOrientations_iPhone = "UIInterfaceOrientationPortrait UIInterfaceOrientationLandscapeLeft UIInterfaceOrientationLandscapeRight";
				LD_RUNPATH_SEARCH_PATHS = (
					"$(inherited)",
					"@executable_path/Frameworks",
				);
				MARKETING_VERSION = 1.0;
				PRODUCT_BUNDLE_IDENTIFIER = aa.CovidTrack;
				PRODUCT_NAME = "$(TARGET_NAME)";
				SWIFT_EMIT_LOC_STRINGS = YES;
				SWIFT_VERSION = 5.0;
				TARGETED_DEVICE_FAMILY = "1,2";
			};
			name = Release;
		};
/* End XCBuildConfiguration section */

/* Begin XCConfigurationList section */
		9355A553277AEB7100B4D4BD /* Build configuration list for PBXProject "CovidTrack" */ = {
			isa = XCConfigurationList;
			buildConfigurations = (
				9355A56A277AEB7200B4D4BD /* Debug */,
				9355A56B277AEB7200B4D4BD /* Release */,
			);
			defaultConfigurationIsVisible = 0;
			defaultConfigurationName = Release;
		};
		9355A56C277AEB7200B4D4BD /* Build configuration list for PBXNativeTarget "CovidTrack" */ = {
			isa = XCConfigurationList;
			buildConfigurations = (
				9355A56D277AEB7200B4D4BD /* Debug */,
				9355A56E277AEB7200B4D4BD /* Release */,
			);
			defaultConfigurationIsVisible = 0;
			defaultConfigurationName = Release;
		};
/* End XCConfigurationList section */
	};
	rootObject = 9355A550277AEB7100B4D4BD /* Project object */;
}
